
Microsoft Visual Studio Solution File, Format Version 12.00
# Visual Studio 15
VisualStudioVersion = 15.0.27130.2024
MinimumVisualStudioVersion = 10.0.40219.1
Project("{9A19103F-16F7-4668-BE54-9A1E7A4F7556}") = "jaymvc", "src\jaymvc\jaymvc.csproj", "{F95F23FD-524A-489E-82E5-ADF7DEB69AA3}"
EndProject
Global
	GlobalSection(SolutionConfigurationPlatforms) = preSolution
		Debug|Any CPU = Debug|Any CPU
		Release|Any CPU = Release|Any CPU
	EndGlobalSection
	GlobalSection(ProjectConfigurationPlatforms) = postSolution
		{F95F23FD-524A-489E-82E5-ADF7DEB69AA3}.Debug|Any CPU.ActiveCfg = Debug|Any CPU
		{F95F23FD-524A-489E-82E5-ADF7DEB69AA3}.Debug|Any CPU.Build.0 = Debug|Any CPU
		{F95F23FD-524A-489E-82E5-ADF7DEB69AA3}.Release|Any CPU.ActiveCfg = Release|Any CPU
		{F95F23FD-524A-489E-82E5-ADF7DEB69AA3}.Release|Any CPU.Build.0 = Release|Any CPU
	EndGlobalSection
	GlobalSection(SolutionProperties) = preSolution
		HideSolutionNode = FALSE
	EndGlobalSection
	GlobalSection(ExtensibilityGlobals) = postSolution
		SolutionGuid = {4D5C9204-C406-4830-81E7-A4AF822AB3A2}
	EndGlobalSection
EndGlobal
